
Microsoft Visual Studio Solution File, Format Version 12.00
# Visual Studio Version 17
VisualStudioVersion = 17.11.35219.272
MinimumVisualStudioVersion = 10.0.40219.1
Project("{FAE04EC0-301F-11D3-BF4B-00C04F79EFBC}") = "GGPApi", "GGPApi\GGPApi.csproj", "{B48F36EE-469A-4910-97D1-21DDE0E90A37}"
EndProject
Global
	GlobalSection(SolutionConfigurationPlatforms) = preSolution
		Debug|Any CPU = Debug|Any CPU
		Release|Any CPU = Release|Any CPU
	EndGlobalSection
	GlobalSection(ProjectConfigurationPlatforms) = postSolution
		{B48F36EE-469A-4910-97D1-21DDE0E90A37}.Debug|Any CPU.ActiveCfg = Debug|Any CPU
		{B48F36EE-469A-4910-97D1-21DDE0E90A37}.Debug|Any CPU.Build.0 = Debug|Any CPU
		{B48F36EE-469A-4910-97D1-21DDE0E90A37}.Release|Any CPU.ActiveCfg = Release|Any CPU
		{B48F36EE-469A-4910-97D1-21DDE0E90A37}.Release|Any CPU.Build.0 = Release|Any CPU
	EndGlobalSection
	GlobalSection(SolutionProperties) = preSolution
		HideSolutionNode = FALSE
	EndGlobalSection
	GlobalSection(ExtensibilityGlobals) = postSolution
		SolutionGuid = {D916072E-6C0E-447B-8A24-9FA950C667CF}
	EndGlobalSection
EndGlobal
